{
    "_readme": [
        "This file locks the dependencies of your project to a known state",
        "Read more about it at https://getcomposer.org/doc/01-basic-usage.md#composer-lock-the-lock-file",
        "This file is @generated automatically"
    ],
    "content-hash": "c66809f621f0fc4a4d92d3d67d9cc543",
    "packages": [
        {
            "name": "gabordemooij/redbean",
            "version": "v5.4.2",
            "source": {
                "type": "git",
                "url": "https://github.com/gabordemooij/redbean.git",
                "reference": "58d366ac135cf14c7b952cda075a7723dfb425a7"
            },
            "dist": {
                "type": "zip",
                "url": "https://api.github.com/repos/gabordemooij/redbean/zipball/58d366ac135cf14c7b952cda075a7723dfb425a7",
                "reference": "58d366ac135cf14c7b952cda075a7723dfb425a7",
                "shasum": ""
            },
            "require": {
                "php": ">=5.3.4"
            },
            "type": "library",
            "autoload": {
                "psr-4": {
                    "RedBeanPHP\\": "RedBeanPHP"
                }
            },
            "notification-url": "https://packagist.org/downloads/",
            "license": [
                "BSD-3-Clause"
            ],
            "authors": [
                {
                    "name": "Gabor de Mooij",
                    "email": "gabor@redbeanphp.com",
                    "homepage": "https://redbeanphp.com"
                }
            ],
            "description": "RedBeanPHP ORM",
            "homepage": "https://redbeanphp.com/",
            "keywords": [
                "orm"
            ],
            "time": "2019-12-26T17:14:58+00:00"
        },
        {
            "name": "mikecao/flight",
            "version": "v1.3.7",
            "source": {
                "type": "git",
                "url": "https://github.com/mikecao/flight.git",
                "reference": "7d5970f7617861c868a5c728764421d8950faaf0"
            },
            "dist": {
                "type": "zip",
                "url": "https://api.github.com/repos/mikecao/flight/zipball/7d5970f7617861c868a5c728764421d8950faaf0",
                "reference": "7d5970f7617861c868a5c728764421d8950faaf0",
                "shasum": ""
            },
            "require": {
                "php": ">=5.3.0"
            },
            "require-dev": {
                "phpunit/phpunit": "~4.6"
            },
            "type": "library",
            "autoload": {
                "files": [
                    "flight/autoload.php",
                    "flight/Flight.php"
                ]
            },
            "notification-url": "https://packagist.org/downloads/",
            "license": [
                "MIT"
            ],
            "authors": [
                {
                    "name": "Mike Cao",
                    "email": "mike@mikecao.com",
                    "homepage": "http://www.mikecao.com/",
                    "role": "Original Developer"
                }
            ],
            "description": "Flight is a fast, simple, extensible framework for PHP. Flight enables you to quickly and easily build RESTful web applications.",
            "homepage": "http://flightphp.com",
            "time": "2018-11-23T23:05:33+00:00"
        },
        {
            "name": "phpoption/phpoption",
            "version": "1.7.3",
            "source": {
                "type": "git",
                "url": "https://github.com/schmittjoh/php-option.git",
                "reference": "4acfd6a4b33a509d8c88f50e5222f734b6aeebae"
            },
            "dist": {
                "type": "zip",
                "url": "https://api.github.com/repos/schmittjoh/php-option/zipball/4acfd6a4b33a509d8c88f50e5222f734b6aeebae",
                "reference": "4acfd6a4b33a509d8c88f50e5222f734b6aeebae",
                "shasum": ""
            },
            "require": {
                "php": "^5.5.9 || ^7.0 || ^8.0"
            },
            "require-dev": {
                "bamarni/composer-bin-plugin": "^1.3",
                "phpunit/phpunit": "^4.8.35 || ^5.0 || ^6.0 || ^7.0"
            },
            "type": "library",
            "extra": {
                "branch-alias": {
                    "dev-master": "1.7-dev"
                }
            },
            "autoload": {
                "psr-4": {
                    "PhpOption\\": "src/PhpOption/"
                }
            },
            "notification-url": "https://packagist.org/downloads/",
            "license": [
                "Apache-2.0"
            ],
            "authors": [
                {
                    "name": "Johannes M. Schmitt",
                    "email": "schmittjoh@gmail.com"
                },
                {
                    "name": "Graham Campbell",
                    "email": "graham@alt-three.com"
                }
            ],
            "description": "Option Type for PHP",
            "keywords": [
                "language",
                "option",
                "php",
                "type"
            ],
            "time": "2020-03-21T18:07:53+00:00"
        },
        {
            "name": "raelgc/template",
            "version": "v2.2.3",
            "source": {
                "type": "git",
                "url": "https://github.com/raelgc/template.git",
                "reference": "28ce6af12e1c49243a27167e84feb704b4ab5f5d"
            },
            "dist": {
                "type": "zip",
                "url": "https://api.github.com/repos/raelgc/template/zipball/28ce6af12e1c49243a27167e84feb704b4ab5f5d",
                "reference": "28ce6af12e1c49243a27167e84feb704b4ab5f5d",
                "shasum": ""
            },
            "require": {
                "php": ">=5.3.0"
            },
            "type": "library",
            "autoload": {
                "psr-4": {
                    "raelgc\\": "raelgc"
                }
            },
            "notification-url": "https://packagist.org/downloads/",
            "license": [
                "LGPL-2.1-or-later"
            ],
            "authors": [
                {
                    "name": "Rael Gugelmin Cunha",
                    "email": "rael.gc@gmail.com"
                }
            ],
            "description": "PHP Template",
            "homepage": "http://raelcunha.com/template/",
            "keywords": [
                "template"
            ],
            "time": "2018-04-24T20:53:45+00:00"
        },
        {
            "name": "symfony/polyfill-ctype",
            "version": "v1.15.0",
            "source": {
                "type": "git",
                "url": "https://github.com/symfony/polyfill-ctype.git",
                "reference": "4719fa9c18b0464d399f1a63bf624b42b6fa8d14"
            },
            "dist": {
                "type": "zip",
                "url": "https://api.github.com/repos/symfony/polyfill-ctype/zipball/4719fa9c18b0464d399f1a63bf624b42b6fa8d14",
                "reference": "4719fa9c18b0464d399f1a63bf624b42b6fa8d14",
                "shasum": ""
            },
            "require": {
                "php": ">=5.3.3"
            },
            "suggest": {
                "ext-ctype": "For best performance"
            },
            "type": "library",
            "extra": {
                "branch-alias": {
                    "dev-master": "1.15-dev"
                }
            },
            "autoload": {
                "psr-4": {
                    "Symfony\\Polyfill\\Ctype\\": ""
                },
                "files": [
                    "bootstrap.php"
                ]
            },
            "notification-url": "https://packagist.org/downloads/",
            "license": [
                "MIT"
            ],
            "authors": [
                {
                    "name": "Gert de Pagter",
                    "email": "BackEndTea@gmail.com"
                },
                {
                    "name": "Symfony Community",
                    "homepage": "https://symfony.com/contributors"
                }
            ],
            "description": "Symfony polyfill for ctype functions",
            "homepage": "https://symfony.com",
            "keywords": [
                "compatibility",
                "ctype",
                "polyfill",
                "portable"
            ],
            "time": "2020-02-27T09:26:54+00:00"
        },
        {
            "name": "uspdev/cache",
            "version": "v0.7.1",
            "source": {
                "type": "git",
                "url": "https://github.com/uspdev/cache.git",
                "reference": "fc3d03e8748643d4d82a6f6e8e5c9ec0e92a8e90"
            },
            "dist": {
                "type": "zip",
                "url": "https://api.github.com/repos/uspdev/cache/zipball/fc3d03e8748643d4d82a6f6e8e5c9ec0e92a8e90",
                "reference": "fc3d03e8748643d4d82a6f6e8e5c9ec0e92a8e90",
                "shasum": ""
            },
            "require": {
                "ext-memcached": "*",
                "php": ">=7.0"
            },
            "type": "library",
            "autoload": {
                "psr-4": {
                    "Uspdev\\Cache\\": "src"
                }
            },
            "notification-url": "https://packagist.org/downloads/",
            "license": [
                "GPL-3.0-or-later"
            ],
            "authors": [
                {
                    "name": "Masaki Kawabata Neto",
                    "email": "masaki.kawabata@gmail.com"
                }
            ],
            "description": "Library to connect to cache server",
            "homepage": "https://github.com/uspdev/cache",
            "time": "2020-03-27T01:32:35+00:00"
        },
        {
            "name": "uspdev/ip-control",
            "version": "1.0.2",
            "source": {
                "type": "git",
                "url": "https://github.com/uspdev/ip-control.git",
                "reference": "dd0f8052119c33417325a3509540e331f2929df7"
            },
            "dist": {
                "type": "zip",
                "url": "https://api.github.com/repos/uspdev/ip-control/zipball/dd0f8052119c33417325a3509540e331f2929df7",
                "reference": "dd0f8052119c33417325a3509540e331f2929df7",
                "shasum": ""
            },
            "type": "library",
            "autoload": {
                "psr-4": {
                    "Uspdev\\Ipcontrol\\": "src"
                }
            },
            "notification-url": "https://packagist.org/downloads/",
            "license": [
                "GPL-3.0-or-later"
            ],
            "authors": [
                {
                    "name": "Masaki Kawabata Neto",
                    "email": "kawabata@usp.br"
                }
            ],
            "description": "Blibliteca de controle de acesso por IP",
            "time": "2020-03-30T12:42:20+00:00"
        },
        {
            "name": "uspdev/webservice",
            "version": "1.0.3",
            "source": {
                "type": "git",
                "url": "https://github.com/uspdev/webservice.git",
                "reference": "d0434b8623133ef9aa6604bd9c90ccddcff8233c"
            },
            "dist": {
                "type": "zip",
                "url": "https://api.github.com/repos/uspdev/webservice/zipball/d0434b8623133ef9aa6604bd9c90ccddcff8233c",
                "reference": "d0434b8623133ef9aa6604bd9c90ccddcff8233c",
                "shasum": ""
            },
            "require": {
                "ext-sqlite3": "*",
                "gabordemooij/redbean": "^5.4",
                "mikecao/flight": "^1.3",
                "uspdev/cache": "*",
                "uspdev/ip-control": "^1"
            },
            "type": "library",
            "autoload": {
                "psr-4": {
                    "Uspdev\\Webservice\\": "src"
                }
            },
            "notification-url": "https://packagist.org/downloads/",
            "license": [
                "GPL-3.0-or-later"
            ],
            "authors": [
                {
                    "name": "Masaki Kawabata Neto",
                    "email": "masaki.kawabata@gmail.com"
                }
            ],
            "description": "Biblioteca para criação de webservices rest",
            "time": "2020-03-30T16:01:52+00:00"
        },
        {
            "name": "vlucas/phpdotenv",
            "version": "v4.1.3",
            "source": {
                "type": "git",
                "url": "https://github.com/vlucas/phpdotenv.git",
                "reference": "88f7acc95150bca002a498899f8b52f318e444c2"
            },
            "dist": {
                "type": "zip",
                "url": "https://api.github.com/repos/vlucas/phpdotenv/zipball/88f7acc95150bca002a498899f8b52f318e444c2",
                "reference": "88f7acc95150bca002a498899f8b52f318e444c2",
                "shasum": ""
            },
            "require": {
                "php": "^5.5.9 || ^7.0",
                "phpoption/phpoption": "^1.7.2",
                "symfony/polyfill-ctype": "^1.9"
            },
            "require-dev": {
                "bamarni/composer-bin-plugin": "^1.3",
                "ext-filter": "*",
                "ext-pcre": "*",
                "phpunit/phpunit": "^4.8.35 || ^5.0 || ^6.0 || ^7.0"
            },
            "suggest": {
                "ext-filter": "Required to use the boolean validator.",
                "ext-pcre": "Required to use most of the library."
            },
            "type": "library",
            "extra": {
                "branch-alias": {
                    "dev-master": "4.1-dev"
                }
            },
            "autoload": {
                "psr-4": {
                    "Dotenv\\": "src/"
                }
            },
            "notification-url": "https://packagist.org/downloads/",
            "license": [
                "BSD-3-Clause"
            ],
            "authors": [
                {
                    "name": "Graham Campbell",
                    "email": "graham@alt-three.com",
                    "homepage": "https://gjcampbell.co.uk/"
                },
                {
                    "name": "Vance Lucas",
                    "email": "vance@vancelucas.com",
                    "homepage": "https://vancelucas.com/"
                }
            ],
            "description": "Loads environment variables from `.env` to `getenv()`, `$_ENV` and `$_SERVER` automagically.",
            "keywords": [
                "dotenv",
                "env",
                "environment"
            ],
            "time": "2020-03-27T23:37:15+00:00"
        }
    ],
    "packages-dev": [],
    "aliases": [],
    "minimum-stability": "dev",
    "stability-flags": [],
    "prefer-stable": true,
    "prefer-lowest": false,
    "platform": {
        "ext-curl": "*"
    },
    "platform-dev": []
}
